
Microsoft Visual Studio Solution File, Format Version 12.00
# Visual Studio Version 16
VisualStudioVersion = 25.0.1706.6
MinimumVisualStudioVersion = 10.0.40219.1
Project("{FAE04EC0-301F-11D3-BF4B-00C04F79EFBC}") = "MVeresiyeUI", "MVeresiyeUI\MVeresiyeUI.csproj", "{C658EAF4-A495-46F3-82C7-097D302AAEDC}"
EndProject
Project("{FAE04EC0-301F-11D3-BF4B-00C04F79EFBC}") = "MVeresiyeDL", "MVeresiyeDL\MVeresiyeDL.csproj", "{74A67772-3A71-4B08-B8BF-10949C10F526}"
EndProject
Project("{FAE04EC0-301F-11D3-BF4B-00C04F79EFBC}") = "MVeresiyeBL", "MVeresiyeBL\MVeresiyeBL.csproj", "{99623934-AAB5-4243-8F25-6BCCB7924D38}"
EndProject
Global
	GlobalSection(SolutionConfigurationPlatforms) = preSolution
		Debug|Any CPU = Debug|Any CPU
		Release|Any CPU = Release|Any CPU
	EndGlobalSection
	GlobalSection(ProjectConfigurationPlatforms) = postSolution
		{C658EAF4-A495-46F3-82C7-097D302AAEDC}.Debug|Any CPU.ActiveCfg = Debug|Any CPU
		{C658EAF4-A495-46F3-82C7-097D302AAEDC}.Debug|Any CPU.Build.0 = Debug|Any CPU
		{C658EAF4-A495-46F3-82C7-097D302AAEDC}.Release|Any CPU.ActiveCfg = Release|Any CPU
		{C658EAF4-A495-46F3-82C7-097D302AAEDC}.Release|Any CPU.Build.0 = Release|Any CPU
		{74A67772-3A71-4B08-B8BF-10949C10F526}.Debug|Any CPU.ActiveCfg = Debug|Any CPU
		{74A67772-3A71-4B08-B8BF-10949C10F526}.Debug|Any CPU.Build.0 = Debug|Any CPU
		{74A67772-3A71-4B08-B8BF-10949C10F526}.Release|Any CPU.ActiveCfg = Release|Any CPU
		{74A67772-3A71-4B08-B8BF-10949C10F526}.Release|Any CPU.Build.0 = Release|Any CPU
		{99623934-AAB5-4243-8F25-6BCCB7924D38}.Debug|Any CPU.ActiveCfg = Debug|Any CPU
		{99623934-AAB5-4243-8F25-6BCCB7924D38}.Debug|Any CPU.Build.0 = Debug|Any CPU
		{99623934-AAB5-4243-8F25-6BCCB7924D38}.Release|Any CPU.ActiveCfg = Release|Any CPU
		{99623934-AAB5-4243-8F25-6BCCB7924D38}.Release|Any CPU.Build.0 = Release|Any CPU
	EndGlobalSection
	GlobalSection(SolutionProperties) = preSolution
		HideSolutionNode = FALSE
	EndGlobalSection
	GlobalSection(ExtensibilityGlobals) = postSolution
		SolutionGuid = {E752019D-9CFD-4B60-A4D3-7D719BEE43E1}
	EndGlobalSection
EndGlobal
